// !$*UTF8*$!
{
	archiveVersion = 1;
	classes = {
	};
	objectVersion = 56;
	objects = {

/* Begin PBXBuildFile section */
		6E5E203A2AA03C9A003C2B9C /* LandmarksApp.swift in Sources */ = {isa = PBXBuildFile; fileRef = 6E5E20392AA03C9A003C2B9C /* LandmarksApp.swift */; };
		6E5E203C2AA03C9A003C2B9C /* ContentView.swift in Sources */ = {isa = PBXBuildFile; fileRef = 6E5E203B2AA03C9A003C2B9C /* ContentView.swift */; };
		6E5E203E2AA03C9B003C2B9C /* Assets.xcassets in Resources */ = {isa = PBXBuildFile; fileRef = 6E5E203D2AA03C9B003C2B9C /* Assets.xcassets */; };
		6E5E20412AA03C9B003C2B9C /* Preview Assets.xcassets in Resources */ = {isa = PBXBuildFile; fileRef = 6E5E20402AA03C9B003C2B9C /* Preview Assets.xcassets */; };
		6E5E204B2AA03C9C003C2B9C /* LandmarksTests.swift in Sources */ = {isa = PBXBuildFile; fileRef = 6E5E204A2AA03C9C003C2B9C /* LandmarksTests.swift */; };
		6E5E20552AA03C9C003C2B9C /* LandmarksUITests.swift in Sources */ = {isa = PBXBuildFile; fileRef = 6E5E20542AA03C9C003C2B9C /* LandmarksUITests.swift */; };
		6E5E20572AA03C9C003C2B9C /* LandmarksUITestsLaunchTests.swift in Sources */ = {isa = PBXBuildFile; fileRef = 6E5E20562AA03C9C003C2B9C /* LandmarksUITestsLaunchTests.swift */; };
		6E9FC4582AA6D017000F59D0 /* CircleImage.swift in Sources */ = {isa = PBXBuildFile; fileRef = 6E9FC4572AA6D017000F59D0 /* CircleImage.swift */; };
		6E9FC45A2AA6DBB8000F59D0 /* MapView.swift in Sources */ = {isa = PBXBuildFile; fileRef = 6E9FC4592AA6DBB8000F59D0 /* MapView.swift */; };
		6E9FC45C2AA6E5F3000F59D0 /* landmarkData.json in Resources */ = {isa = PBXBuildFile; fileRef = 6E9FC45B2AA6E5F3000F59D0 /* landmarkData.json */; };
		6E9FC4642AA6EC2E000F59D0 /* Landmark.swift in Sources */ = {isa = PBXBuildFile; fileRef = 6E9FC4632AA6EC2E000F59D0 /* Landmark.swift */; };
		6E9FC4662AA6EC51000F59D0 /* ModelData.swift in Sources */ = {isa = PBXBuildFile; fileRef = 6E9FC4652AA6EC51000F59D0 /* ModelData.swift */; };
		6E9FC46E2AA7061E000F59D0 /* LandmarkRow.swift in Sources */ = {isa = PBXBuildFile; fileRef = 6E9FC46D2AA7061E000F59D0 /* LandmarkRow.swift */; };
		6E9FC4702AA70CF2000F59D0 /* LandmarkList.swift in Sources */ = {isa = PBXBuildFile; fileRef = 6E9FC46F2AA70CF2000F59D0 /* LandmarkList.swift */; };
/* End PBXBuildFile section */

/* Begin PBXContainerItemProxy section */
		6E5E20472AA03C9C003C2B9C /* PBXContainerItemProxy */ = {
			isa = PBXContainerItemProxy;
			containerPortal = 6E5E202E2AA03C9A003C2B9C /* Project object */;
			proxyType = 1;
			remoteGlobalIDString = 6E5E20352AA03C9A003C2B9C;
			remoteInfo = Landmarks;
		};
		6E5E20512AA03C9C003C2B9C /* PBXContainerItemProxy */ = {
			isa = PBXContainerItemProxy;
			containerPortal = 6E5E202E2AA03C9A003C2B9C /* Project object */;
			proxyType = 1;
			remoteGlobalIDString = 6E5E20352AA03C9A003C2B9C;
			remoteInfo = Landmarks;
		};
/* End PBXContainerItemProxy section */

/* Begin PBXFileReference section */
		6E5E20362AA03C9A003C2B9C /* Landmarks.app */ = {isa = PBXFileReference; explicitFileType = wrapper.application; includeInIndex = 0; path = Landmarks.app; sourceTree = BUILT_PRODUCTS_DIR; };
		6E5E20392AA03C9A003C2B9C /* LandmarksApp.swift */ = {isa = PBXFileReference; lastKnownFileType = sourcecode.swift; path = LandmarksApp.swift; sourceTree = "<group>"; };
		6E5E203B2AA03C9A003C2B9C /* ContentView.swift */ = {isa = PBXFileReference; lastKnownFileType = sourcecode.swift; path = ContentView.swift; sourceTree = "<group>"; };
		6E5E203D2AA03C9B003C2B9C /* Assets.xcassets */ = {isa = PBXFileReference; lastKnownFileType = folder.assetcatalog; path = Assets.xcassets; sourceTree = "<group>"; };
		6E5E20402AA03C9B003C2B9C /* Preview Assets.xcassets */ = {isa = PBXFileReference; lastKnownFileType = folder.assetcatalog; path = "Preview Assets.xcassets"; sourceTree = "<group>"; };
		6E5E20462AA03C9C003C2B9C /* LandmarksTests.xctest */ = {isa = PBXFileReference; explicitFileType = wrapper.cfbundle; includeInIndex = 0; path = LandmarksTests.xctest; sourceTree = BUILT_PRODUCTS_DIR; };
		6E5E204A2AA03C9C003C2B9C /* LandmarksTests.swift */ = {isa = PBXFileReference; lastKnownFileType = sourcecode.swift; path = LandmarksTests.swift; sourceTree = "<group>"; };
		6E5E20502AA03C9C003C2B9C /* LandmarksUITests.xctest */ = {isa = PBXFileReference; explicitFileType = wrapper.cfbundle; includeInIndex = 0; path = LandmarksUITests.xctest; sourceTree = BUILT_PRODUCTS_DIR; };
		6E5E20542AA03C9C003C2B9C /* LandmarksUITests.swift */ = {isa = PBXFileReference; lastKnownFileType = sourcecode.swift; path = LandmarksUITests.swift; sourceTree = "<group>"; };
		6E5E20562AA03C9C003C2B9C /* LandmarksUITestsLaunchTests.swift */ = {isa = PBXFileReference; lastKnownFileType = sourcecode.swift; path = LandmarksUITestsLaunchTests.swift; sourceTree = "<group>"; };
		6E9FC4572AA6D017000F59D0 /* CircleImage.swift */ = {isa = PBXFileReference; lastKnownFileType = sourcecode.swift; path = CircleImage.swift; sourceTree = "<group>"; };
		6E9FC4592AA6DBB8000F59D0 /* MapView.swift */ = {isa = PBXFileReference; lastKnownFileType = sourcecode.swift; path = MapView.swift; sourceTree = "<group>"; };
		6E9FC45B2AA6E5F3000F59D0 /* landmarkData.json */ = {isa = PBXFileReference; fileEncoding = 4; lastKnownFileType = text.json; path = landmarkData.json; sourceTree = "<group>"; };
		6E9FC4632AA6EC2E000F59D0 /* Landmark.swift */ = {isa = PBXFileReference; lastKnownFileType = sourcecode.swift; path = Landmark.swift; sourceTree = "<group>"; };
		6E9FC4652AA6EC51000F59D0 /* ModelData.swift */ = {isa = PBXFileReference; lastKnownFileType = sourcecode.swift; path = ModelData.swift; sourceTree = "<group>"; };
		6E9FC46D2AA7061E000F59D0 /* LandmarkRow.swift */ = {isa = PBXFileReference; lastKnownFileType = sourcecode.swift; path = LandmarkRow.swift; sourceTree = "<group>"; };
		6E9FC46F2AA70CF2000F59D0 /* LandmarkList.swift */ = {isa = PBXFileReference; lastKnownFileType = sourcecode.swift; path = LandmarkList.swift; sourceTree = "<group>"; };
/* End PBXFileReference section */

/* Begin PBXFrameworksBuildPhase section */
		6E5E20332AA03C9A003C2B9C /* Frameworks */ = {
			isa = PBXFrameworksBuildPhase;
			buildActionMask = 2147483647;
			files = (
			);
			runOnlyForDeploymentPostprocessing = 0;
		};
		6E5E20432AA03C9C003C2B9C /* Frameworks */ = {
			isa = PBXFrameworksBuildPhase;
			buildActionMask = 2147483647;
			files = (
			);
			runOnlyForDeploymentPostprocessing = 0;
		};
		6E5E204D2AA03C9C003C2B9C /* Frameworks */ = {
			isa = PBXFrameworksBuildPhase;
			buildActionMask = 2147483647;
			files = (
			);
			runOnlyForDeploymentPostprocessing = 0;
		};
/* End PBXFrameworksBuildPhase section */

/* Begin PBXGroup section */
		6E5E202D2AA03C9A003C2B9C = {
			isa = PBXGroup;
			children = (
				6E9FC46C2AA7055E000F59D0 /* Model */,
				6E9FC4682AA704E3000F59D0 /* Resources */,
				6E9FC4672AA7047D000F59D0 /* Views */,
				6E5E20382AA03C9A003C2B9C /* Landmarks */,
				6E5E20492AA03C9C003C2B9C /* LandmarksTests */,
				6E5E20532AA03C9C003C2B9C /* LandmarksUITests */,
				6E5E20372AA03C9A003C2B9C /* Products */,
			);
			sourceTree = "<group>";
		};
		6E5E20372AA03C9A003C2B9C /* Products */ = {
			isa = PBXGroup;
			children = (
				6E5E20362AA03C9A003C2B9C /* Landmarks.app */,
				6E5E20462AA03C9C003C2B9C /* LandmarksTests.xctest */,
				6E5E20502AA03C9C003C2B9C /* LandmarksUITests.xctest */,
			);
			name = Products;
			sourceTree = "<group>";
		};
		6E5E20382AA03C9A003C2B9C /* Landmarks */ = {
			isa = PBXGroup;
			children = (
				6E5E20392AA03C9A003C2B9C /* LandmarksApp.swift */,
				6E5E203D2AA03C9B003C2B9C /* Assets.xcassets */,
				6E5E203F2AA03C9B003C2B9C /* Preview Content */,
			);
			path = Landmarks;
			sourceTree = "<group>";
		};
		6E5E203F2AA03C9B003C2B9C /* Preview Content */ = {
			isa = PBXGroup;
			children = (
				6E5E20402AA03C9B003C2B9C /* Preview Assets.xcassets */,
			);
			path = "Preview Content";
			sourceTree = "<group>";
		};
		6E5E20492AA03C9C003C2B9C /* LandmarksTests */ = {
			isa = PBXGroup;
			children = (
				6E5E204A2AA03C9C003C2B9C /* LandmarksTests.swift */,
			);
			path = LandmarksTests;
			sourceTree = "<group>";
		};
		6E5E20532AA03C9C003C2B9C /* LandmarksUITests */ = {
			isa = PBXGroup;
			children = (
				6E5E20542AA03C9C003C2B9C /* LandmarksUITests.swift */,
				6E5E20562AA03C9C003C2B9C /* LandmarksUITestsLaunchTests.swift */,
			);
			path = LandmarksUITests;
			sourceTree = "<group>";
		};
		6E9FC4672AA7047D000F59D0 /* Views */ = {
			isa = PBXGroup;
			children = (
				6E9FC4572AA6D017000F59D0 /* CircleImage.swift */,
				6E9FC4592AA6DBB8000F59D0 /* MapView.swift */,
				6E5E203B2AA03C9A003C2B9C /* ContentView.swift */,
				6E9FC46D2AA7061E000F59D0 /* LandmarkRow.swift */,
				6E9FC46F2AA70CF2000F59D0 /* LandmarkList.swift */,
			);
			path = Views;
			sourceTree = "<group>";
		};
		6E9FC4682AA704E3000F59D0 /* Resources */ = {
			isa = PBXGroup;
			children = (
				6E9FC45B2AA6E5F3000F59D0 /* landmarkData.json */,
			);
			path = Resources;
			sourceTree = "<group>";
		};
		6E9FC46C2AA7055E000F59D0 /* Model */ = {
			isa = PBXGroup;
			children = (
				6E9FC4632AA6EC2E000F59D0 /* Landmark.swift */,
				6E9FC4652AA6EC51000F59D0 /* ModelData.swift */,
			);
			path = Model;
			sourceTree = "<group>";
		};
/* End PBXGroup section */

/* Begin PBXNativeTarget section */
		6E5E20352AA03C9A003C2B9C /* Landmarks */ = {
			isa = PBXNativeTarget;
			buildConfigurationList = 6E5E205A2AA03C9C003C2B9C /* Build configuration list for PBXNativeTarget "Landmarks" */;
			buildPhases = (
				6E5E20322AA03C9A003C2B9C /* Sources */,
				6E5E20332AA03C9A003C2B9C /* Frameworks */,
				6E5E20342AA03C9A003C2B9C /* Resources */,
			);
			buildRules = (
			);
			dependencies = (
			);
			name = Landmarks;
			productName = Landmarks;
			productReference = 6E5E20362AA03C9A003C2B9C /* Landmarks.app */;
			productType = "com.apple.product-type.application";
		};
		6E5E20452AA03C9C003C2B9C /* LandmarksTests */ = {
			isa = PBXNativeTarget;
			buildConfigurationList = 6E5E205D2AA03C9C003C2B9C /* Build configuration list for PBXNativeTarget "LandmarksTests" */;
			buildPhases = (
				6E5E20422AA03C9C003C2B9C /* Sources */,
				6E5E20432AA03C9C003C2B9C /* Frameworks */,
				6E5E20442AA03C9C003C2B9C /* Resources */,
			);
			buildRules = (
			);
			dependencies = (
				6E5E20482AA03C9C003C2B9C /* PBXTargetDependency */,
			);
			name = LandmarksTests;
			productName = LandmarksTests;
			productReference = 6E5E20462AA03C9C003C2B9C /* LandmarksTests.xctest */;
			productType = "com.apple.product-type.bundle.unit-test";
		};
		6E5E204F2AA03C9C003C2B9C /* LandmarksUITests */ = {
			isa = PBXNativeTarget;
			buildConfigurationList = 6E5E20602AA03C9C003C2B9C /* Build configuration list for PBXNativeTarget "LandmarksUITests" */;
			buildPhases = (
				6E5E204C2AA03C9C003C2B9C /* Sources */,
				6E5E204D2AA03C9C003C2B9C /* Frameworks */,
				6E5E204E2AA03C9C003C2B9C /* Resources */,
			);
			buildRules = (
			);
			dependencies = (
				6E5E20522AA03C9C003C2B9C /* PBXTargetDependency */,
			);
			name = LandmarksUITests;
			productName = LandmarksUITests;
			productReference = 6E5E20502AA03C9C003C2B9C /* LandmarksUITests.xctest */;
			productType = "com.apple.product-type.bundle.ui-testing";
		};
/* End PBXNativeTarget section */

/* Begin PBXProject section */
		6E5E202E2AA03C9A003C2B9C /* Project object */ = {
			isa = PBXProject;
			attributes = {
				BuildIndependentTargetsInParallel = 1;
				LastSwiftUpdateCheck = 1410;
				LastUpgradeCheck = 1410;
				TargetAttributes = {
					6E5E20352AA03C9A003C2B9C = {
						CreatedOnToolsVersion = 14.1;
					};
					6E5E20452AA03C9C003C2B9C = {
						CreatedOnToolsVersion = 14.1;
						TestTargetID = 6E5E20352AA03C9A003C2B9C;
					};
					6E5E204F2AA03C9C003C2B9C = {
						CreatedOnToolsVersion = 14.1;
						TestTargetID = 6E5E20352AA03C9A003C2B9C;
					};
				};
			};
			buildConfigurationList = 6E5E20312AA03C9A003C2B9C /* Build configuration list for PBXProject "Landmarks" */;
			compatibilityVersion = "Xcode 14.0";
			developmentRegion = en;
			hasScannedForEncodings = 0;
			knownRegions = (
				en,
				Base,
			);
			mainGroup = 6E5E202D2AA03C9A003C2B9C;
			productRefGroup = 6E5E20372AA03C9A003C2B9C /* Products */;
			projectDirPath = "";
			projectRoot = "";
			targets = (
				6E5E20352AA03C9A003C2B9C /* Landmarks */,
				6E5E20452AA03C9C003C2B9C /* LandmarksTests */,
				6E5E204F2AA03C9C003C2B9C /* LandmarksUITests */,
			);
		};
/* End PBXProject section */

/* Begin PBXResourcesBuildPhase section */
		6E5E20342AA03C9A003C2B9C /* Resources */ = {
			isa = PBXResourcesBuildPhase;
			buildActionMask = 2147483647;
			files = (
				6E5E20412AA03C9B003C2B9C /* Preview Assets.xcassets in Resources */,
				6E5E203E2AA03C9B003C2B9C /* Assets.xcassets in Resources */,
				6E9FC45C2AA6E5F3000F59D0 /* landmarkData.json in Resources */,
			);
			runOnlyForDeploymentPostprocessing = 0;
		};
		6E5E20442AA03C9C003C2B9C /* Resources */ = {
			isa = PBXResourcesBuildPhase;
			buildActionMask = 2147483647;
			files = (
			);
			runOnlyForDeploymentPostprocessing = 0;
		};
		6E5E204E2AA03C9C003C2B9C /* Resources */ = {
			isa = PBXResourcesBuildPhase;
			buildActionMask = 2147483647;
			files = (
			);
			runOnlyForDeploymentPostprocessing = 0;
		};
/* End PBXResourcesBuildPhase section */

/* Begin PBXSourcesBuildPhase section */
		6E5E20322AA03C9A003C2B9C /* Sources */ = {
			isa = PBXSourcesBuildPhase;
			buildActionMask = 2147483647;
			files = (
				6E5E203C2AA03C9A003C2B9C /* ContentView.swift in Sources */,
				6E9FC45A2AA6DBB8000F59D0 /* MapView.swift in Sources */,
				6E5E203A2AA03C9A003C2B9C /* LandmarksApp.swift in Sources */,
				6E9FC4702AA70CF2000F59D0 /* LandmarkList.swift in Sources */,
				6E9FC4582AA6D017000F59D0 /* CircleImage.swift in Sources */,
				6E9FC4642AA6EC2E000F59D0 /* Landmark.swift in Sources */,
				6E9FC46E2AA7061E000F59D0 /* LandmarkRow.swift in Sources */,
				6E9FC4662AA6EC51000F59D0 /* ModelData.swift in Sources */,
			);
			runOnlyForDeploymentPostprocessing = 0;
		};
		6E5E20422AA03C9C003C2B9C /* Sources */ = {
			isa = PBXSourcesBuildPhase;
			buildActionMask = 2147483647;
			files = (
				6E5E204B2AA03C9C003C2B9C /* LandmarksTests.swift in Sources */,
			);
			runOnlyForDeploymentPostprocessing = 0;
		};
		6E5E204C2AA03C9C003C2B9C /* Sources */ = {
			isa = PBXSourcesBuildPhase;
			buildActionMask = 2147483647;
			files = (
				6E5E20572AA03C9C003C2B9C /* LandmarksUITestsLaunchTests.swift in Sources */,
				6E5E20552AA03C9C003C2B9C /* LandmarksUITests.swift in Sources */,
			);
			runOnlyForDeploymentPostprocessing = 0;
		};
/* End PBXSourcesBuildPhase section */

/* Begin PBXTargetDependency section */
		6E5E20482AA03C9C003C2B9C /* PBXTargetDependency */ = {
			isa = PBXTargetDependency;
			target = 6E5E20352AA03C9A003C2B9C /* Landmarks */;
			targetProxy = 6E5E20472AA03C9C003C2B9C /* PBXContainerItemProxy */;
		};
		6E5E20522AA03C9C003C2B9C /* PBXTargetDependency */ = {
			isa = PBXTargetDependency;
			target = 6E5E20352AA03C9A003C2B9C /* Landmarks */;
			targetProxy = 6E5E20512AA03C9C003C2B9C /* PBXContainerItemProxy */;
		};
/* End PBXTargetDependency section */

/* Begin XCBuildConfiguration section */
		6E5E20582AA03C9C003C2B9C /* Debug */ = {
			isa = XCBuildConfiguration;
			buildSettings = {
				ALWAYS_SEARCH_USER_PATHS = NO;
				CLANG_ANALYZER_NONNULL = YES;
				CLANG_ANALYZER_NUMBER_OBJECT_CONVERSION = YES_AGGRESSIVE;
				CLANG_CXX_LANGUAGE_STANDARD = "gnu++20";
				CLANG_ENABLE_MODULES = YES;
				CLANG_ENABLE_OBJC_ARC = YES;
				CLANG_ENABLE_OBJC_WEAK = YES;
				CLANG_WARN_BLOCK_CAPTURE_AUTORELEASING = YES;
				CLANG_WARN_BOOL_CONVERSION = YES;
				CLANG_WARN_COMMA = YES;
				CLANG_WARN_CONSTANT_CONVERSION = YES;
				CLANG_WARN_DEPRECATED_OBJC_IMPLEMENTATIONS = YES;
				CLANG_WARN_DIRECT_OBJC_ISA_USAGE = YES_ERROR;
				CLANG_WARN_DOCUMENTATION_COMMENTS = YES;
				CLANG_WARN_EMPTY_BODY = YES;
				CLANG_WARN_ENUM_CONVERSION = YES;
				CLANG_WARN_INFINITE_RECURSION = YES;
				CLANG_WARN_INT_CONVERSION = YES;
				CLANG_WARN_NON_LITERAL_NULL_CONVERSION = YES;
				CLANG_WARN_OBJC_IMPLICIT_RETAIN_SELF = YES;
				CLANG_WARN_OBJC_LITERAL_CONVERSION = YES;
				CLANG_WARN_OBJC_ROOT_CLASS = YES_ERROR;
				CLANG_WARN_QUOTED_INCLUDE_IN_FRAMEWORK_HEADER = YES;
				CLANG_WARN_RANGE_LOOP_ANALYSIS = YES;
				CLANG_WARN_STRICT_PROTOTYPES = YES;
				CLANG_WARN_SUSPICIOUS_MOVE = YES;
				CLANG_WARN_UNGUARDED_AVAILABILITY = YES_AGGRESSIVE;
				CLANG_WARN_UNREACHABLE_CODE = YES;
				CLANG_WARN__DUPLICATE_METHOD_MATCH = YES;
				COPY_PHASE_STRIP = NO;
				DEBUG_INFORMATION_FORMAT = dwarf;
				ENABLE_STRICT_OBJC_MSGSEND = YES;
				ENABLE_TESTABILITY = YES;
				GCC_C_LANGUAGE_STANDARD = gnu11;
				GCC_DYNAMIC_NO_PIC = NO;
				GCC_NO_COMMON_BLOCKS = YES;
				GCC_OPTIMIZATION_LEVEL = 0;
				GCC_PREPROCESSOR_DEFINITIONS = (
					"DEBUG=1",
					"$(inherited)",
				);
				GCC_WARN_64_TO_32_BIT_CONVERSION = YES;
				GCC_WARN_ABOUT_RETURN_TYPE = YES_ERROR;
				GCC_WARN_UNDECLARED_SELECTOR = YES;
				GCC_WARN_UNINITIALIZED_AUTOS = YES_AGGRESSIVE;
				GCC_WARN_UNUSED_FUNCTION = YES;
				GCC_WARN_UNUSED_VARIABLE = YES;
				IPHONEOS_DEPLOYMENT_TARGET = 16.1;
				MTL_ENABLE_DEBUG_INFO = INCLUDE_SOURCE;
				MTL_FAST_MATH = YES;
				ONLY_ACTIVE_ARCH = YES;
				SDKROOT = iphoneos;
				SWIFT_ACTIVE_COMPILATION_CONDITIONS = DEBUG;
				SWIFT_OPTIMIZATION_LEVEL = "-Onone";
			};
			name = Debug;
		};
		6E5E20592AA03C9C003C2B9C /* Release */ = {
			isa = XCBuildConfiguration;
			buildSettings = {
				ALWAYS_SEARCH_USER_PATHS = NO;
				CLANG_ANALYZER_NONNULL = YES;
				CLANG_ANALYZER_NUMBER_OBJECT_CONVERSION = YES_AGGRESSIVE;
				CLANG_CXX_LANGUAGE_STANDARD = "gnu++20";
				CLANG_ENABLE_MODULES = YES;
				CLANG_ENABLE_OBJC_ARC = YES;
				CLANG_ENABLE_OBJC_WEAK = YES;
				CLANG_WARN_BLOCK_CAPTURE_AUTORELEASING = YES;
				CLANG_WARN_BOOL_CONVERSION = YES;
				CLANG_WARN_COMMA = YES;
				CLANG_WARN_CONSTANT_CONVERSION = YES;
				CLANG_WARN_DEPRECATED_OBJC_IMPLEMENTATIONS = YES;
				CLANG_WARN_DIRECT_OBJC_ISA_USAGE = YES_ERROR;
				CLANG_WARN_DOCUMENTATION_COMMENTS = YES;
				CLANG_WARN_EMPTY_BODY = YES;
				CLANG_WARN_ENUM_CONVERSION = YES;
				CLANG_WARN_INFINITE_RECURSION = YES;
				CLANG_WARN_INT_CONVERSION = YES;
				CLANG_WARN_NON_LITERAL_NULL_CONVERSION = YES;
				CLANG_WARN_OBJC_IMPLICIT_RETAIN_SELF = YES;
				CLANG_WARN_OBJC_LITERAL_CONVERSION = YES;
				CLANG_WARN_OBJC_ROOT_CLASS = YES_ERROR;
				CLANG_WARN_QUOTED_INCLUDE_IN_FRAMEWORK_HEADER = YES;
				CLANG_WARN_RANGE_LOOP_ANALYSIS = YES;
				CLANG_WARN_STRICT_PROTOTYPES = YES;
				CLANG_WARN_SUSPICIOUS_MOVE = YES;
				CLANG_WARN_UNGUARDED_AVAILABILITY = YES_AGGRESSIVE;
				CLANG_WARN_UNREACHABLE_CODE = YES;
				CLANG_WARN__DUPLICATE_METHOD_MATCH = YES;
				COPY_PHASE_STRIP = NO;
				DEBUG_INFORMATION_FORMAT = "dwarf-with-dsym";
				ENABLE_NS_ASSERTIONS = NO;
				ENABLE_STRICT_OBJC_MSGSEND = YES;
				GCC_C_LANGUAGE_STANDARD = gnu11;
				GCC_NO_COMMON_BLOCKS = YES;
				GCC_WARN_64_TO_32_BIT_CONVERSION = YES;
				GCC_WARN_ABOUT_RETURN_TYPE = YES_ERROR;
				GCC_WARN_UNDECLARED_SELECTOR = YES;
				GCC_WARN_UNINITIALIZED_AUTOS = YES_AGGRESSIVE;
				GCC_WARN_UNUSED_FUNCTION = YES;
				GCC_WARN_UNUSED_VARIABLE = YES;
				IPHONEOS_DEPLOYMENT_TARGET = 16.1;
				MTL_ENABLE_DEBUG_INFO = NO;
				MTL_FAST_MATH = YES;
				SDKROOT = iphoneos;
				SWIFT_COMPILATION_MODE = wholemodule;
				SWIFT_OPTIMIZATION_LEVEL = "-O";
				VALIDATE_PRODUCT = YES;
			};
			name = Release;
		};
		6E5E205B2AA03C9C003C2B9C /* Debug */ = {
			isa = XCBuildConfiguration;
			buildSettings = {
				ASSETCATALOG_COMPILER_APPICON_NAME = AppIcon;
				ASSETCATALOG_COMPILER_GLOBAL_ACCENT_COLOR_NAME = AccentColor;
				CODE_SIGN_STYLE = Automatic;
				CURRENT_PROJECT_VERSION = 1;
				DEVELOPMENT_ASSET_PATHS = "\"Landmarks/Preview Content\"";
				ENABLE_PREVIEWS = YES;
				GENERATE_INFOPLIST_FILE = YES;
				INFOPLIST_KEY_UIApplicationSceneManifest_Generation = YES;
				INFOPLIST_KEY_UIApplicationSupportsIndirectInputEvents = YES;
				INFOPLIST_KEY_UILaunchScreen_Generation = YES;
				INFOPLIST_KEY_UISupportedInterfaceOrientations_iPad = "UIInterfaceOrientationPortrait UIInterfaceOrientationPortraitUpsideDown UIInterfaceOrientationLandscapeLeft UIInterfaceOrientationLandscapeRight";
				INFOPLIST_KEY_UISupportedInterfaceOrientations_iPhone = "UIInterfaceOrientationPortrait UIInterfaceOrientationLandscapeLeft UIInterfaceOrientationLandscapeRight";
				LD_RUNPATH_SEARCH_PATHS = (
					"$(inherited)",
					"@executable_path/Frameworks",
				);
				MARKETING_VERSION = 1.0;
				PRODUCT_BUNDLE_IDENTIFIER = "com.example.apple-samplecode.Landmarks";
				PRODUCT_NAME = "$(TARGET_NAME)";
				SWIFT_EMIT_LOC_STRINGS = YES;
				SWIFT_VERSION = 5.0;
				TARGETED_DEVICE_FAMILY = "1,2";
			};
			name = Debug;
		};
		6E5E205C2AA03C9C003C2B9C /* Release */ = {
			isa = XCBuildConfiguration;
			buildSettings = {
				ASSETCATALOG_COMPILER_APPICON_NAME = AppIcon;
				ASSETCATALOG_COMPILER_GLOBAL_ACCENT_COLOR_NAME = AccentColor;
				CODE_SIGN_STYLE = Automatic;
				CURRENT_PROJECT_VERSION = 1;
				DEVELOPMENT_ASSET_PATHS = "\"Landmarks/Preview Content\"";
				ENABLE_PREVIEWS = YES;
				GENERATE_INFOPLIST_FILE = YES;
				INFOPLIST_KEY_UIApplicationSceneManifest_Generation = YES;
				INFOPLIST_KEY_UIApplicationSupportsIndirectInputEvents = YES;
				INFOPLIST_KEY_UILaunchScreen_Generation = YES;
				INFOPLIST_KEY_UISupportedInterfaceOrientations_iPad = "UIInterfaceOrientationPortrait UIInterfaceOrientationPortraitUpsideDown UIInterfaceOrientationLandscapeLeft UIInterfaceOrientationLandscapeRight";
				INFOPLIST_KEY_UISupportedInterfaceOrientations_iPhone = "UIInterfaceOrientationPortrait UIInterfaceOrientationLandscapeLeft UIInterfaceOrientationLandscapeRight";
				LD_RUNPATH_SEARCH_PATHS = (
					"$(inherited)",
					"@executable_path/Frameworks",
				);
				MARKETING_VERSION = 1.0;
				PRODUCT_BUNDLE_IDENTIFIER = "com.example.apple-samplecode.Landmarks";
				PRODUCT_NAME = "$(TARGET_NAME)";
				SWIFT_EMIT_LOC_STRINGS = YES;
				SWIFT_VERSION = 5.0;
				TARGETED_DEVICE_FAMILY = "1,2";
			};
			name = Release;
		};
		6E5E205E2AA03C9C003C2B9C /* Debug */ = {
			isa = XCBuildConfiguration;
			buildSettings = {
				ALWAYS_EMBED_SWIFT_STANDARD_LIBRARIES = YES;
				BUNDLE_LOADER = "$(TEST_HOST)";
				CODE_SIGN_STYLE = Automatic;
				CURRENT_PROJECT_VERSION = 1;
				GENERATE_INFOPLIST_FILE = YES;
				IPHONEOS_DEPLOYMENT_TARGET = 16.1;
				MARKETING_VERSION = 1.0;
				PRODUCT_BUNDLE_IDENTIFIER = "com.example.apple-samplecode.LandmarksTests";
				PRODUCT_NAME = "$(TARGET_NAME)";
				SWIFT_EMIT_LOC_STRINGS = NO;
				SWIFT_VERSION = 5.0;
				TARGETED_DEVICE_FAMILY = "1,2";
				TEST_HOST = "$(BUILT_PRODUCTS_DIR)/Landmarks.app/$(BUNDLE_EXECUTABLE_FOLDER_PATH)/Landmarks";
			};
			name = Debug;
		};
		6E5E205F2AA03C9C003C2B9C /* Release */ = {
			isa = XCBuildConfiguration;
			buildSettings = {
				ALWAYS_EMBED_SWIFT_STANDARD_LIBRARIES = YES;
				BUNDLE_LOADER = "$(TEST_HOST)";
				CODE_SIGN_STYLE = Automatic;
				CURRENT_PROJECT_VERSION = 1;
				GENERATE_INFOPLIST_FILE = YES;
				IPHONEOS_DEPLOYMENT_TARGET = 16.1;
				MARKETING_VERSION = 1.0;
				PRODUCT_BUNDLE_IDENTIFIER = "com.example.apple-samplecode.LandmarksTests";
				PRODUCT_NAME = "$(TARGET_NAME)";
				SWIFT_EMIT_LOC_STRINGS = NO;
				SWIFT_VERSION = 5.0;
				TARGETED_DEVICE_FAMILY = "1,2";
				TEST_HOST = "$(BUILT_PRODUCTS_DIR)/Landmarks.app/$(BUNDLE_EXECUTABLE_FOLDER_PATH)/Landmarks";
			};
			name = Release;
		};
		6E5E20612AA03C9C003C2B9C /* Debug */ = {
			isa = XCBuildConfiguration;
			buildSettings = {
				ALWAYS_EMBED_SWIFT_STANDARD_LIBRARIES = YES;
				CODE_SIGN_STYLE = Automatic;
				CURRENT_PROJECT_VERSION = 1;
				GENERATE_INFOPLIST_FILE = YES;
				MARKETING_VERSION = 1.0;
				PRODUCT_BUNDLE_IDENTIFIER = "com.example.apple-samplecode.LandmarksUITests";
				PRODUCT_NAME = "$(TARGET_NAME)";
				SWIFT_EMIT_LOC_STRINGS = NO;
				SWIFT_VERSION = 5.0;
				TARGETED_DEVICE_FAMILY = "1,2";
				TEST_TARGET_NAME = Landmarks;
			};
			name = Debug;
		};
		6E5E20622AA03C9C003C2B9C /* Release */ = {
			isa = XCBuildConfiguration;
			buildSettings = {
				ALWAYS_EMBED_SWIFT_STANDARD_LIBRARIES = YES;
				CODE_SIGN_STYLE = Automatic;
				CURRENT_PROJECT_VERSION = 1;
				GENERATE_INFOPLIST_FILE = YES;
				MARKETING_VERSION = 1.0;
				PRODUCT_BUNDLE_IDENTIFIER = "com.example.apple-samplecode.LandmarksUITests";
				PRODUCT_NAME = "$(TARGET_NAME)";
				SWIFT_EMIT_LOC_STRINGS = NO;
				SWIFT_VERSION = 5.0;
				TARGETED_DEVICE_FAMILY = "1,2";
				TEST_TARGET_NAME = Landmarks;
			};
			name = Release;
		};
/* End XCBuildConfiguration section */

/* Begin XCConfigurationList section */
		6E5E20312AA03C9A003C2B9C /* Build configuration list for PBXProject "Landmarks" */ = {
			isa = XCConfigurationList;
			buildConfigurations = (
				6E5E20582AA03C9C003C2B9C /* Debug */,
				6E5E20592AA03C9C003C2B9C /* Release */,
			);
			defaultConfigurationIsVisible = 0;
			defaultConfigurationName = Release;
		};
		6E5E205A2AA03C9C003C2B9C /* Build configuration list for PBXNativeTarget "Landmarks" */ = {
			isa = XCConfigurationList;
			buildConfigurations = (
				6E5E205B2AA03C9C003C2B9C /* Debug */,
				6E5E205C2AA03C9C003C2B9C /* Release */,
			);
			defaultConfigurationIsVisible = 0;
			defaultConfigurationName = Release;
		};
		6E5E205D2AA03C9C003C2B9C /* Build configuration list for PBXNativeTarget "LandmarksTests" */ = {
			isa = XCConfigurationList;
			buildConfigurations = (
				6E5E205E2AA03C9C003C2B9C /* Debug */,
				6E5E205F2AA03C9C003C2B9C /* Release */,
			);
			defaultConfigurationIsVisible = 0;
			defaultConfigurationName = Release;
		};
		6E5E20602AA03C9C003C2B9C /* Build configuration list for PBXNativeTarget "LandmarksUITests" */ = {
			isa = XCConfigurationList;
			buildConfigurations = (
				6E5E20612AA03C9C003C2B9C /* Debug */,
				6E5E20622AA03C9C003C2B9C /* Release */,
			);
			defaultConfigurationIsVisible = 0;
			defaultConfigurationName = Release;
		};
/* End XCConfigurationList section */
	};
	rootObject = 6E5E202E2AA03C9A003C2B9C /* Project object */;
}
